
Microsoft Visual Studio Solution File, Format Version 12.00
# Visual Studio Version 17
VisualStudioVersion = 17.13.35931.197 d17.13
MinimumVisualStudioVersion = 10.0.40219.1
Project("{FAE04EC0-301F-11D3-BF4B-00C04F79EFBC}") = "Timoto", "Timoto\Timoto.csproj", "{60FB21F6-7898-4DD3-A6C8-1220C26AB155}"
EndProject
Global
	GlobalSection(SolutionConfigurationPlatforms) = preSolution
		Debug|Any CPU = Debug|Any CPU
		Release|Any CPU = Release|Any CPU
	EndGlobalSection
	GlobalSection(ProjectConfigurationPlatforms) = postSolution
		{60FB21F6-7898-4DD3-A6C8-1220C26AB155}.Debug|Any CPU.ActiveCfg = Debug|Any CPU
		{60FB21F6-7898-4DD3-A6C8-1220C26AB155}.Debug|Any CPU.Build.0 = Debug|Any CPU
		{60FB21F6-7898-4DD3-A6C8-1220C26AB155}.Release|Any CPU.ActiveCfg = Release|Any CPU
		{60FB21F6-7898-4DD3-A6C8-1220C26AB155}.Release|Any CPU.Build.0 = Release|Any CPU
	EndGlobalSection
	GlobalSection(SolutionProperties) = preSolution
		HideSolutionNode = FALSE
	EndGlobalSection
	GlobalSection(ExtensibilityGlobals) = postSolution
		SolutionGuid = {6927291F-305B-47A6-99F4-15BE85FC2B2C}
	EndGlobalSection
EndGlobal
